
Microsoft Visual Studio Solution File, Format Version 12.00
# Visual Studio Version 16
VisualStudioVersion = 16.0.30002.166
MinimumVisualStudioVersion = 10.0.40219.1
Project("{FAE04EC0-301F-11D3-BF4B-00C04F79EFBC}") = "EntityProject", "EntityProject\EntityProject.csproj", "{6A049498-0B79-4D99-8A16-B64AC1696DCB}"
EndProject
Global
	GlobalSection(SolutionConfigurationPlatforms) = preSolution
		Debug|Any CPU = Debug|Any CPU
		Release|Any CPU = Release|Any CPU
	EndGlobalSection
	GlobalSection(ProjectConfigurationPlatforms) = postSolution
		{6A049498-0B79-4D99-8A16-B64AC1696DCB}.Debug|Any CPU.ActiveCfg = Debug|Any CPU
		{6A049498-0B79-4D99-8A16-B64AC1696DCB}.Debug|Any CPU.Build.0 = Debug|Any CPU
		{6A049498-0B79-4D99-8A16-B64AC1696DCB}.Release|Any CPU.ActiveCfg = Release|Any CPU
		{6A049498-0B79-4D99-8A16-B64AC1696DCB}.Release|Any CPU.Build.0 = Release|Any CPU
	EndGlobalSection
	GlobalSection(SolutionProperties) = preSolution
		HideSolutionNode = FALSE
	EndGlobalSection
	GlobalSection(ExtensibilityGlobals) = postSolution
		SolutionGuid = {799209A4-09D7-43A3-8280-77413175082E}
	EndGlobalSection
EndGlobal
